{
  "name": "sentinel-core",
  "lockfileVersion": 3,
  "requires": true,
  "packages": {
    "": {
      "dependencies": {
        "frappe-gantt": "^1.2.2"
      }
    },
    "node_modules/frappe-gantt": {
      "version": "1.2.2",
      "resolved": "https://registry.npmjs.org/frappe-gantt/-/frappe-gantt-1.2.2.tgz",
      "integrity": "sha512-1+uPNRa92LBIeKiZCVhJMiGIifJk5ONaoerXI8eBREXWRZGGoTJR5ATpMpsnAQcyBA6Gnq5wIht4eL+e4eHMBA==",
      "license": "MIT"
    }
  }
}
